{
  "name": "miniprogram",
  "version": "1.0.0",
  "lockfileVersion": 1,
  "requires": true,
  "dependencies": {
    "tim-wx-sdk": {
      "version": "2.5.2",
      "resolved": "https://registry.npmjs.org/tim-wx-sdk/-/tim-wx-sdk-2.5.2.tgz",
      "integrity": "sha512-oRDwuzASiuvTKvK6gpBY5fEnZsNaNpdAncoSc99w9HWDDnYhp8OWzrBb6QOyHkjA8q6RJkFuIFvqtSUR7dUPMw=="
    }
  }
}
